// !$*UTF8*$!
{
	archiveVersion = 1;
	classes = {
	};
	objectVersion = 52;
	objects = {

/* Begin PBXBuildFile section */
		058557BB273AAA24004C7B11 /* Assets.xcassets in Resources */ = {isa = PBXBuildFile; fileRef = 058557BA273AAA24004C7B11 /* Assets.xcassets */; };
		058557D9273AAEEB004C7B11 /* Preview Assets.xcassets in Resources */ = {isa = PBXBuildFile; fileRef = 058557D8273AAEEB004C7B11 /* Preview Assets.xcassets */; };
		2152FB042600AC8F00CF470E /* iOSApp.swift in Sources */ = {isa = PBXBuildFile; fileRef = 2152FB032600AC8F00CF470E /* iOSApp.swift */; };
		AA1014202917C79200A417E1 /* StringExtensions.swift in Sources */ = {isa = PBXBuildFile; fileRef = AA10141F2917C79200A417E1 /* StringExtensions.swift */; };
		AA10142329183C0600A417E1 /* ViewExtensions.swift in Sources */ = {isa = PBXBuildFile; fileRef = AA10142229183C0600A417E1 /* ViewExtensions.swift */; };
		AA47E0A8290ED1C3007BCC1F /* AccountsPageViewModel.swift in Sources */ = {isa = PBXBuildFile; fileRef = AA47E0A7290ED1C3007BCC1F /* AccountsPageViewModel.swift */; };
		AA47E0AB290ED43C007BCC1F /* FlowExtensions.swift in Sources */ = {isa = PBXBuildFile; fileRef = AA47E0AA290ED43C007BCC1F /* FlowExtensions.swift */; };
		AA47E0AE290F0EFE007BCC1F /* ArrayUtils.swift in Sources */ = {isa = PBXBuildFile; fileRef = AA47E0AD290F0EFE007BCC1F /* ArrayUtils.swift */; };
		AA47E0B0290F0FD9007BCC1F /* AccountsPageView.swift in Sources */ = {isa = PBXBuildFile; fileRef = AA47E0AF290F0FD9007BCC1F /* AccountsPageView.swift */; };
		AA47E0B3290F13DF007BCC1F /* IdentifiableWrapper.swift in Sources */ = {isa = PBXBuildFile; fileRef = AA47E0B2290F13DF007BCC1F /* IdentifiableWrapper.swift */; };
		AA47E0B6290F1A20007BCC1F /* AddAccountSheetView.swift in Sources */ = {isa = PBXBuildFile; fileRef = AA47E0B5290F1A20007BCC1F /* AddAccountSheetView.swift */; };
		AA47E0B8290F1A33007BCC1F /* AddAccountSheetViewModel.swift in Sources */ = {isa = PBXBuildFile; fileRef = AA47E0B7290F1A33007BCC1F /* AddAccountSheetViewModel.swift */; };
		AA7247B429296C13007289C2 /* AccountDetailsPageView.swift in Sources */ = {isa = PBXBuildFile; fileRef = AA7247B329296C13007289C2 /* AccountDetailsPageView.swift */; };
		AA7247B629296D84007289C2 /* AccountDetailsPageViewModel.swift in Sources */ = {isa = PBXBuildFile; fileRef = AA7247B529296D84007289C2 /* AccountDetailsPageViewModel.swift */; };
		AA7247B9292A29B3007289C2 /* Shimmer in Frameworks */ = {isa = PBXBuildFile; productRef = AA7247B8292A29B3007289C2 /* Shimmer */; };
		AABD6AC52915B9E2004F190D /* ResourcesExtensions.swift in Sources */ = {isa = PBXBuildFile; fileRef = AABD6AC42915B9E2004F190D /* ResourcesExtensions.swift */; };
		AAD04CBA292016580036104B /* MainNavigationView.swift in Sources */ = {isa = PBXBuildFile; fileRef = AAD04CB9292016580036104B /* MainNavigationView.swift */; };
		D61BDBBCC89038BFBF1A76AB /* Pods_iosApp.framework in Frameworks */ = {isa = PBXBuildFile; fileRef = 2826F13C5B3393B525CC8D50 /* Pods_iosApp.framework */; };
/* End PBXBuildFile section */

/* Begin PBXFileReference section */
		058557BA273AAA24004C7B11 /* Assets.xcassets */ = {isa = PBXFileReference; lastKnownFileType = folder.assetcatalog; path = Assets.xcassets; sourceTree = "<group>"; };
		058557D8273AAEEB004C7B11 /* Preview Assets.xcassets */ = {isa = PBXFileReference; lastKnownFileType = folder.assetcatalog; path = "Preview Assets.xcassets"; sourceTree = "<group>"; };
		2152FB032600AC8F00CF470E /* iOSApp.swift */ = {isa = PBXFileReference; lastKnownFileType = sourcecode.swift; path = iOSApp.swift; sourceTree = "<group>"; };
		2826F13C5B3393B525CC8D50 /* Pods_iosApp.framework */ = {isa = PBXFileReference; explicitFileType = wrapper.framework; includeInIndex = 0; path = Pods_iosApp.framework; sourceTree = BUILT_PRODUCTS_DIR; };
		371474C0C832CF9398100237 /* Pods-iosApp.release.xcconfig */ = {isa = PBXFileReference; includeInIndex = 1; lastKnownFileType = text.xcconfig; name = "Pods-iosApp.release.xcconfig"; path = "Target Support Files/Pods-iosApp/Pods-iosApp.release.xcconfig"; sourceTree = "<group>"; };
		7555FF7B242A565900829871 /* iosApp.app */ = {isa = PBXFileReference; explicitFileType = wrapper.application; includeInIndex = 0; path = iosApp.app; sourceTree = BUILT_PRODUCTS_DIR; };
		7555FF8C242A565B00829871 /* Info.plist */ = {isa = PBXFileReference; lastKnownFileType = text.plist.xml; path = Info.plist; sourceTree = "<group>"; };
		9A975EC182FCBCD554639C6E /* Pods-iosApp.debug.xcconfig */ = {isa = PBXFileReference; includeInIndex = 1; lastKnownFileType = text.xcconfig; name = "Pods-iosApp.debug.xcconfig"; path = "Target Support Files/Pods-iosApp/Pods-iosApp.debug.xcconfig"; sourceTree = "<group>"; };
		AA10141F2917C79200A417E1 /* StringExtensions.swift */ = {isa = PBXFileReference; lastKnownFileType = sourcecode.swift; path = StringExtensions.swift; sourceTree = "<group>"; };
		AA10142229183C0600A417E1 /* ViewExtensions.swift */ = {isa = PBXFileReference; lastKnownFileType = sourcecode.swift; path = ViewExtensions.swift; sourceTree = "<group>"; };
		AA47E0A7290ED1C3007BCC1F /* AccountsPageViewModel.swift */ = {isa = PBXFileReference; lastKnownFileType = sourcecode.swift; path = AccountsPageViewModel.swift; sourceTree = "<group>"; };
		AA47E0AA290ED43C007BCC1F /* FlowExtensions.swift */ = {isa = PBXFileReference; lastKnownFileType = sourcecode.swift; path = FlowExtensions.swift; sourceTree = "<group>"; };
		AA47E0AD290F0EFE007BCC1F /* ArrayUtils.swift */ = {isa = PBXFileReference; lastKnownFileType = sourcecode.swift; path = ArrayUtils.swift; sourceTree = "<group>"; };
		AA47E0AF290F0FD9007BCC1F /* AccountsPageView.swift */ = {isa = PBXFileReference; lastKnownFileType = sourcecode.swift; path = AccountsPageView.swift; sourceTree = "<group>"; };
		AA47E0B2290F13DF007BCC1F /* IdentifiableWrapper.swift */ = {isa = PBXFileReference; lastKnownFileType = sourcecode.swift; path = IdentifiableWrapper.swift; sourceTree = "<group>"; };
		AA47E0B5290F1A20007BCC1F /* AddAccountSheetView.swift */ = {isa = PBXFileReference; lastKnownFileType = sourcecode.swift; path = AddAccountSheetView.swift; sourceTree = "<group>"; };
		AA47E0B7290F1A33007BCC1F /* AddAccountSheetViewModel.swift */ = {isa = PBXFileReference; lastKnownFileType = sourcecode.swift; path = AddAccountSheetViewModel.swift; sourceTree = "<group>"; };
		AA7247B329296C13007289C2 /* AccountDetailsPageView.swift */ = {isa = PBXFileReference; lastKnownFileType = sourcecode.swift; path = AccountDetailsPageView.swift; sourceTree = "<group>"; };
		AA7247B529296D84007289C2 /* AccountDetailsPageViewModel.swift */ = {isa = PBXFileReference; lastKnownFileType = sourcecode.swift; path = AccountDetailsPageViewModel.swift; sourceTree = "<group>"; };
		AABD6AC42915B9E2004F190D /* ResourcesExtensions.swift */ = {isa = PBXFileReference; lastKnownFileType = sourcecode.swift; path = ResourcesExtensions.swift; sourceTree = "<group>"; };
		AAD04CB9292016580036104B /* MainNavigationView.swift */ = {isa = PBXFileReference; lastKnownFileType = sourcecode.swift; path = MainNavigationView.swift; sourceTree = "<group>"; };
/* End PBXFileReference section */

/* Begin PBXFrameworksBuildPhase section */
		33AC8116F11D7F6D3F043928 /* Frameworks */ = {
			isa = PBXFrameworksBuildPhase;
			buildActionMask = 2147483647;
			files = (
				AA7247B9292A29B3007289C2 /* Shimmer in Frameworks */,
				D61BDBBCC89038BFBF1A76AB /* Pods_iosApp.framework in Frameworks */,
			);
			runOnlyForDeploymentPostprocessing = 0;
		};
/* End PBXFrameworksBuildPhase section */

/* Begin PBXGroup section */
		058557D7273AAEEB004C7B11 /* Preview Content */ = {
			isa = PBXGroup;
			children = (
				058557D8273AAEEB004C7B11 /* Preview Assets.xcassets */,
			);
			path = "Preview Content";
			sourceTree = "<group>";
		};
		32D4BB581EE7A7263F229E89 /* Pods */ = {
			isa = PBXGroup;
			children = (
				9A975EC182FCBCD554639C6E /* Pods-iosApp.debug.xcconfig */,
				371474C0C832CF9398100237 /* Pods-iosApp.release.xcconfig */,
			);
			path = Pods;
			sourceTree = "<group>";
		};
		7555FF72242A565900829871 = {
			isa = PBXGroup;
			children = (
				7555FF7D242A565900829871 /* iosApp */,
				7555FF7C242A565900829871 /* Products */,
				32D4BB581EE7A7263F229E89 /* Pods */,
				C2CE6BE0E8D453DCB9DAEE5F /* Frameworks */,
			);
			sourceTree = "<group>";
		};
		7555FF7C242A565900829871 /* Products */ = {
			isa = PBXGroup;
			children = (
				7555FF7B242A565900829871 /* iosApp.app */,
			);
			name = Products;
			sourceTree = "<group>";
		};
		7555FF7D242A565900829871 /* iosApp */ = {
			isa = PBXGroup;
			children = (
				AA7247BA292A2D35007289C2 /* Components */,
				AAD04CB6292015B70036104B /* Navigation */,
				AABD6AC32915B975004F190D /* MokoResources */,
				AA47E0AC290F0EE9007BCC1F /* Utils */,
				AA47E0A9290ED42B007BCC1F /* Flow */,
				AA47E0A5290ED19F007BCC1F /* Pages */,
				058557BA273AAA24004C7B11 /* Assets.xcassets */,
				7555FF8C242A565B00829871 /* Info.plist */,
				2152FB032600AC8F00CF470E /* iOSApp.swift */,
				058557D7273AAEEB004C7B11 /* Preview Content */,
			);
			path = iosApp;
			sourceTree = "<group>";
		};
		AA47E0A5290ED19F007BCC1F /* Pages */ = {
			isa = PBXGroup;
			children = (
				AA7247B0292943DC007289C2 /* AccountDetailsPage */,
				AA47E0B4290F1A12007BCC1F /* AddAccountSheet */,
				AA47E0A6290ED1AC007BCC1F /* AccountsPage */,
			);
			path = Pages;
			sourceTree = "<group>";
		};
		AA47E0A6290ED1AC007BCC1F /* AccountsPage */ = {
			isa = PBXGroup;
			children = (
				AA47E0A7290ED1C3007BCC1F /* AccountsPageViewModel.swift */,
				AA47E0AF290F0FD9007BCC1F /* AccountsPageView.swift */,
			);
			path = AccountsPage;
			sourceTree = "<group>";
		};
		AA47E0A9290ED42B007BCC1F /* Flow */ = {
			isa = PBXGroup;
			children = (
				AA47E0AA290ED43C007BCC1F /* FlowExtensions.swift */,
			);
			path = Flow;
			sourceTree = "<group>";
		};
		AA47E0AC290F0EE9007BCC1F /* Utils */ = {
			isa = PBXGroup;
			children = (
				AA47E0AD290F0EFE007BCC1F /* ArrayUtils.swift */,
				AA47E0B2290F13DF007BCC1F /* IdentifiableWrapper.swift */,
				AA10141F2917C79200A417E1 /* StringExtensions.swift */,
				AA10142229183C0600A417E1 /* ViewExtensions.swift */,
			);
			path = Utils;
			sourceTree = "<group>";
		};
		AA47E0B4290F1A12007BCC1F /* AddAccountSheet */ = {
			isa = PBXGroup;
			children = (
				AA47E0B5290F1A20007BCC1F /* AddAccountSheetView.swift */,
				AA47E0B7290F1A33007BCC1F /* AddAccountSheetViewModel.swift */,
			);
			path = AddAccountSheet;
			sourceTree = "<group>";
		};
		AA7247B0292943DC007289C2 /* AccountDetailsPage */ = {
			isa = PBXGroup;
			children = (
				AA7247B329296C13007289C2 /* AccountDetailsPageView.swift */,
				AA7247B529296D84007289C2 /* AccountDetailsPageViewModel.swift */,
			);
			path = AccountDetailsPage;
			sourceTree = "<group>";
		};
		AA7247BA292A2D35007289C2 /* Components */ = {
			isa = PBXGroup;
			children = (
			);
			path = Components;
			sourceTree = "<group>";
		};
		AABD6AC32915B975004F190D /* MokoResources */ = {
			isa = PBXGroup;
			children = (
				AABD6AC42915B9E2004F190D /* ResourcesExtensions.swift */,
			);
			path = MokoResources;
			sourceTree = "<group>";
		};
		AAD04CB6292015B70036104B /* Navigation */ = {
			isa = PBXGroup;
			children = (
				AAD04CB9292016580036104B /* MainNavigationView.swift */,
			);
			path = Navigation;
			sourceTree = "<group>";
		};
		C2CE6BE0E8D453DCB9DAEE5F /* Frameworks */ = {
			isa = PBXGroup;
			children = (
				2826F13C5B3393B525CC8D50 /* Pods_iosApp.framework */,
			);
			name = Frameworks;
			sourceTree = "<group>";
		};
/* End PBXGroup section */

/* Begin PBXNativeTarget section */
		7555FF7A242A565900829871 /* iosApp */ = {
			isa = PBXNativeTarget;
			buildConfigurationList = 7555FFA5242A565B00829871 /* Build configuration list for PBXNativeTarget "iosApp" */;
			buildPhases = (
				0FA3EBF0A7E6667E0776AAE2 /* [CP] Check Pods Manifest.lock */,
				7555FF77242A565900829871 /* Sources */,
				7555FF79242A565900829871 /* Resources */,
				33AC8116F11D7F6D3F043928 /* Frameworks */,
				0BCB7E17E6C190C93E0CB30D /* [CP] Embed Pods Frameworks */,
			);
			buildRules = (
			);
			dependencies = (
			);
			name = iosApp;
			packageProductDependencies = (
				AA7247B8292A29B3007289C2 /* Shimmer */,
			);
			productName = iosApp;
			productReference = 7555FF7B242A565900829871 /* iosApp.app */;
			productType = "com.apple.product-type.application";
		};
/* End PBXNativeTarget section */

/* Begin PBXProject section */
		7555FF73242A565900829871 /* Project object */ = {
			isa = PBXProject;
			attributes = {
				LastSwiftUpdateCheck = 1130;
				LastUpgradeCheck = 1130;
				ORGANIZATIONNAME = orgName;
				TargetAttributes = {
					7555FF7A242A565900829871 = {
						CreatedOnToolsVersion = 11.3.1;
					};
				};
			};
			buildConfigurationList = 7555FF76242A565900829871 /* Build configuration list for PBXProject "iosApp" */;
			compatibilityVersion = "Xcode 9.3";
			developmentRegion = en;
			hasScannedForEncodings = 0;
			knownRegions = (
				en,
				Base,
			);
			mainGroup = 7555FF72242A565900829871;
			packageReferences = (
				AA7247B7292A29B3007289C2 /* XCRemoteSwiftPackageReference "SwiftUI-Shimmer" */,
			);
			productRefGroup = 7555FF7C242A565900829871 /* Products */;
			projectDirPath = "";
			projectRoot = "";
			targets = (
				7555FF7A242A565900829871 /* iosApp */,
			);
		};
/* End PBXProject section */

/* Begin PBXResourcesBuildPhase section */
		7555FF79242A565900829871 /* Resources */ = {
			isa = PBXResourcesBuildPhase;
			buildActionMask = 2147483647;
			files = (
				058557D9273AAEEB004C7B11 /* Preview Assets.xcassets in Resources */,
				058557BB273AAA24004C7B11 /* Assets.xcassets in Resources */,
			);
			runOnlyForDeploymentPostprocessing = 0;
		};
/* End PBXResourcesBuildPhase section */

/* Begin PBXShellScriptBuildPhase section */
		0BCB7E17E6C190C93E0CB30D /* [CP] Embed Pods Frameworks */ = {
			isa = PBXShellScriptBuildPhase;
			buildActionMask = 2147483647;
			files = (
			);
			inputFileListPaths = (
				"${PODS_ROOT}/Target Support Files/Pods-iosApp/Pods-iosApp-frameworks-${CONFIGURATION}-input-files.xcfilelist",
			);
			name = "[CP] Embed Pods Frameworks";
			outputFileListPaths = (
				"${PODS_ROOT}/Target Support Files/Pods-iosApp/Pods-iosApp-frameworks-${CONFIGURATION}-output-files.xcfilelist",
			);
			runOnlyForDeploymentPostprocessing = 0;
			shellPath = /bin/sh;
			shellScript = "\"${PODS_ROOT}/Target Support Files/Pods-iosApp/Pods-iosApp-frameworks.sh\"\n";
			showEnvVarsInLog = 0;
		};
		0FA3EBF0A7E6667E0776AAE2 /* [CP] Check Pods Manifest.lock */ = {
			isa = PBXShellScriptBuildPhase;
			buildActionMask = 2147483647;
			files = (
			);
			inputFileListPaths = (
			);
			inputPaths = (
				"${PODS_PODFILE_DIR_PATH}/Podfile.lock",
				"${PODS_ROOT}/Manifest.lock",
			);
			name = "[CP] Check Pods Manifest.lock";
			outputFileListPaths = (
			);
			outputPaths = (
				"$(DERIVED_FILE_DIR)/Pods-iosApp-checkManifestLockResult.txt",
			);
			runOnlyForDeploymentPostprocessing = 0;
			shellPath = /bin/sh;
			shellScript = "diff \"${PODS_PODFILE_DIR_PATH}/Podfile.lock\" \"${PODS_ROOT}/Manifest.lock\" > /dev/null\nif [ $? != 0 ] ; then\n    # print error to STDERR\n    echo \"error: The sandbox is not in sync with the Podfile.lock. Run 'pod install' or update your CocoaPods installation.\" >&2\n    exit 1\nfi\n# This output is used by Xcode 'outputs' to avoid re-running this script phase.\necho \"SUCCESS\" > \"${SCRIPT_OUTPUT_FILE_0}\"\n";
			showEnvVarsInLog = 0;
		};
/* End PBXShellScriptBuildPhase section */

/* Begin PBXSourcesBuildPhase section */
		7555FF77242A565900829871 /* Sources */ = {
			isa = PBXSourcesBuildPhase;
			buildActionMask = 2147483647;
			files = (
				AA10142329183C0600A417E1 /* ViewExtensions.swift in Sources */,
				AA47E0A8290ED1C3007BCC1F /* AccountsPageViewModel.swift in Sources */,
				2152FB042600AC8F00CF470E /* iOSApp.swift in Sources */,
				AA7247B429296C13007289C2 /* AccountDetailsPageView.swift in Sources */,
				AA1014202917C79200A417E1 /* StringExtensions.swift in Sources */,
				AA47E0AE290F0EFE007BCC1F /* ArrayUtils.swift in Sources */,
				AA47E0B6290F1A20007BCC1F /* AddAccountSheetView.swift in Sources */,
				AABD6AC52915B9E2004F190D /* ResourcesExtensions.swift in Sources */,
				AAD04CBA292016580036104B /* MainNavigationView.swift in Sources */,
				AA47E0B0290F0FD9007BCC1F /* AccountsPageView.swift in Sources */,
				AA7247B629296D84007289C2 /* AccountDetailsPageViewModel.swift in Sources */,
				AA47E0B8290F1A33007BCC1F /* AddAccountSheetViewModel.swift in Sources */,
				AA47E0AB290ED43C007BCC1F /* FlowExtensions.swift in Sources */,
				AA47E0B3290F13DF007BCC1F /* IdentifiableWrapper.swift in Sources */,
			);
			runOnlyForDeploymentPostprocessing = 0;
		};
/* End PBXSourcesBuildPhase section */

/* Begin XCBuildConfiguration section */
		7555FFA3242A565B00829871 /* Debug */ = {
			isa = XCBuildConfiguration;
			buildSettings = {
				ALWAYS_SEARCH_USER_PATHS = NO;
				CLANG_ANALYZER_NONNULL = YES;
				CLANG_ANALYZER_NUMBER_OBJECT_CONVERSION = YES_AGGRESSIVE;
				CLANG_CXX_LANGUAGE_STANDARD = "gnu++14";
				CLANG_CXX_LIBRARY = "libc++";
				CLANG_ENABLE_MODULES = YES;
				CLANG_ENABLE_OBJC_ARC = YES;
				CLANG_ENABLE_OBJC_WEAK = YES;
				CLANG_WARN_BLOCK_CAPTURE_AUTORELEASING = YES;
				CLANG_WARN_BOOL_CONVERSION = YES;
				CLANG_WARN_COMMA = YES;
				CLANG_WARN_CONSTANT_CONVERSION = YES;
				CLANG_WARN_DEPRECATED_OBJC_IMPLEMENTATIONS = YES;
				CLANG_WARN_DIRECT_OBJC_ISA_USAGE = YES_ERROR;
				CLANG_WARN_DOCUMENTATION_COMMENTS = YES;
				CLANG_WARN_EMPTY_BODY = YES;
				CLANG_WARN_ENUM_CONVERSION = YES;
				CLANG_WARN_INFINITE_RECURSION = YES;
				CLANG_WARN_INT_CONVERSION = YES;
				CLANG_WARN_NON_LITERAL_NULL_CONVERSION = YES;
				CLANG_WARN_OBJC_IMPLICIT_RETAIN_SELF = YES;
				CLANG_WARN_OBJC_LITERAL_CONVERSION = YES;
				CLANG_WARN_OBJC_ROOT_CLASS = YES_ERROR;
				CLANG_WARN_QUOTED_INCLUDE_IN_FRAMEWORK_HEADER = YES;
				CLANG_WARN_RANGE_LOOP_ANALYSIS = YES;
				CLANG_WARN_STRICT_PROTOTYPES = YES;
				CLANG_WARN_SUSPICIOUS_MOVE = YES;
				CLANG_WARN_UNGUARDED_AVAILABILITY = YES_AGGRESSIVE;
				CLANG_WARN_UNREACHABLE_CODE = YES;
				CLANG_WARN__DUPLICATE_METHOD_MATCH = YES;
				COPY_PHASE_STRIP = NO;
				DEBUG_INFORMATION_FORMAT = "dwarf-with-dsym";
				ENABLE_STRICT_OBJC_MSGSEND = YES;
				ENABLE_TESTABILITY = YES;
				GCC_C_LANGUAGE_STANDARD = gnu11;
				GCC_DYNAMIC_NO_PIC = NO;
				GCC_NO_COMMON_BLOCKS = YES;
				GCC_OPTIMIZATION_LEVEL = 0;
				GCC_PREPROCESSOR_DEFINITIONS = (
					"DEBUG=1",
					"$(inherited)",
				);
				GCC_WARN_64_TO_32_BIT_CONVERSION = YES;
				GCC_WARN_ABOUT_RETURN_TYPE = YES_ERROR;
				GCC_WARN_UNDECLARED_SELECTOR = YES;
				GCC_WARN_UNINITIALIZED_AUTOS = YES_AGGRESSIVE;
				GCC_WARN_UNUSED_FUNCTION = YES;
				GCC_WARN_UNUSED_VARIABLE = YES;
				IPHONEOS_DEPLOYMENT_TARGET = 14.1;
				MTL_ENABLE_DEBUG_INFO = INCLUDE_SOURCE;
				MTL_FAST_MATH = YES;
				ONLY_ACTIVE_ARCH = YES;
				SDKROOT = iphoneos;
				SWIFT_ACTIVE_COMPILATION_CONDITIONS = DEBUG;
				SWIFT_OPTIMIZATION_LEVEL = "-Onone";
			};
			name = Debug;
		};
		7555FFA4242A565B00829871 /* Release */ = {
			isa = XCBuildConfiguration;
			buildSettings = {
				ALWAYS_SEARCH_USER_PATHS = NO;
				CLANG_ANALYZER_NONNULL = YES;
				CLANG_ANALYZER_NUMBER_OBJECT_CONVERSION = YES_AGGRESSIVE;
				CLANG_CXX_LANGUAGE_STANDARD = "gnu++14";
				CLANG_CXX_LIBRARY = "libc++";
				CLANG_ENABLE_MODULES = YES;
				CLANG_ENABLE_OBJC_ARC = YES;
				CLANG_ENABLE_OBJC_WEAK = YES;
				CLANG_WARN_BLOCK_CAPTURE_AUTORELEASING = YES;
				CLANG_WARN_BOOL_CONVERSION = YES;
				CLANG_WARN_COMMA = YES;
				CLANG_WARN_CONSTANT_CONVERSION = YES;
				CLANG_WARN_DEPRECATED_OBJC_IMPLEMENTATIONS = YES;
				CLANG_WARN_DIRECT_OBJC_ISA_USAGE = YES_ERROR;
				CLANG_WARN_DOCUMENTATION_COMMENTS = YES;
				CLANG_WARN_EMPTY_BODY = YES;
				CLANG_WARN_ENUM_CONVERSION = YES;
				CLANG_WARN_INFINITE_RECURSION = YES;
				CLANG_WARN_INT_CONVERSION = YES;
				CLANG_WARN_NON_LITERAL_NULL_CONVERSION = YES;
				CLANG_WARN_OBJC_IMPLICIT_RETAIN_SELF = YES;
				CLANG_WARN_OBJC_LITERAL_CONVERSION = YES;
				CLANG_WARN_OBJC_ROOT_CLASS = YES_ERROR;
				CLANG_WARN_QUOTED_INCLUDE_IN_FRAMEWORK_HEADER = YES;
				CLANG_WARN_RANGE_LOOP_ANALYSIS = YES;
				CLANG_WARN_STRICT_PROTOTYPES = YES;
				CLANG_WARN_SUSPICIOUS_MOVE = YES;
				CLANG_WARN_UNGUARDED_AVAILABILITY = YES_AGGRESSIVE;
				CLANG_WARN_UNREACHABLE_CODE = YES;
				CLANG_WARN__DUPLICATE_METHOD_MATCH = YES;
				COPY_PHASE_STRIP = NO;
				DEBUG_INFORMATION_FORMAT = "dwarf-with-dsym";
				ENABLE_NS_ASSERTIONS = NO;
				ENABLE_STRICT_OBJC_MSGSEND = YES;
				GCC_C_LANGUAGE_STANDARD = gnu11;
				GCC_NO_COMMON_BLOCKS = YES;
				GCC_WARN_64_TO_32_BIT_CONVERSION = YES;
				GCC_WARN_ABOUT_RETURN_TYPE = YES_ERROR;
				GCC_WARN_UNDECLARED_SELECTOR = YES;
				GCC_WARN_UNINITIALIZED_AUTOS = YES_AGGRESSIVE;
				GCC_WARN_UNUSED_FUNCTION = YES;
				GCC_WARN_UNUSED_VARIABLE = YES;
				IPHONEOS_DEPLOYMENT_TARGET = 14.1;
				MTL_ENABLE_DEBUG_INFO = NO;
				MTL_FAST_MATH = YES;
				SDKROOT = iphoneos;
				SWIFT_COMPILATION_MODE = wholemodule;
				SWIFT_OPTIMIZATION_LEVEL = "-O";
				VALIDATE_PRODUCT = YES;
			};
			name = Release;
		};
		7555FFA6242A565B00829871 /* Debug */ = {
			isa = XCBuildConfiguration;
			baseConfigurationReference = 9A975EC182FCBCD554639C6E /* Pods-iosApp.debug.xcconfig */;
			buildSettings = {
				ASSETCATALOG_COMPILER_APPICON_NAME = AppIcon;
				CODE_SIGN_STYLE = Automatic;
				DEVELOPMENT_ASSET_PATHS = "\"iosApp/Preview Content\"";
				ENABLE_PREVIEWS = YES;
				INFOPLIST_FILE = iosApp/Info.plist;
				LD_RUNPATH_SEARCH_PATHS = (
					"$(inherited)",
					"@executable_path/Frameworks",
				);
				PRODUCT_BUNDLE_IDENTIFIER = orgIdentifier.iosApp;
				PRODUCT_NAME = "$(TARGET_NAME)";
				SWIFT_VERSION = 5.0;
				TARGETED_DEVICE_FAMILY = "1,2";
			};
			name = Debug;
		};
		7555FFA7242A565B00829871 /* Release */ = {
			isa = XCBuildConfiguration;
			baseConfigurationReference = 371474C0C832CF9398100237 /* Pods-iosApp.release.xcconfig */;
			buildSettings = {
				ASSETCATALOG_COMPILER_APPICON_NAME = AppIcon;
				CODE_SIGN_STYLE = Automatic;
				DEVELOPMENT_ASSET_PATHS = "\"iosApp/Preview Content\"";
				ENABLE_PREVIEWS = YES;
				INFOPLIST_FILE = iosApp/Info.plist;
				LD_RUNPATH_SEARCH_PATHS = (
					"$(inherited)",
					"@executable_path/Frameworks",
				);
				PRODUCT_BUNDLE_IDENTIFIER = orgIdentifier.iosApp;
				PRODUCT_NAME = "$(TARGET_NAME)";
				SWIFT_VERSION = 5.0;
				TARGETED_DEVICE_FAMILY = "1,2";
			};
			name = Release;
		};
/* End XCBuildConfiguration section */

/* Begin XCConfigurationList section */
		7555FF76242A565900829871 /* Build configuration list for PBXProject "iosApp" */ = {
			isa = XCConfigurationList;
			buildConfigurations = (
				7555FFA3242A565B00829871 /* Debug */,
				7555FFA4242A565B00829871 /* Release */,
			);
			defaultConfigurationIsVisible = 0;
			defaultConfigurationName = Release;
		};
		7555FFA5242A565B00829871 /* Build configuration list for PBXNativeTarget "iosApp" */ = {
			isa = XCConfigurationList;
			buildConfigurations = (
				7555FFA6242A565B00829871 /* Debug */,
				7555FFA7242A565B00829871 /* Release */,
			);
			defaultConfigurationIsVisible = 0;
			defaultConfigurationName = Release;
		};
/* End XCConfigurationList section */

/* Begin XCRemoteSwiftPackageReference section */
		AA7247B7292A29B3007289C2 /* XCRemoteSwiftPackageReference "SwiftUI-Shimmer" */ = {
			isa = XCRemoteSwiftPackageReference;
			repositoryURL = "https://github.com/markiv/SwiftUI-Shimmer";
			requirement = {
				kind = exactVersion;
				version = 1.1.0;
			};
		};
/* End XCRemoteSwiftPackageReference section */

/* Begin XCSwiftPackageProductDependency section */
		AA7247B8292A29B3007289C2 /* Shimmer */ = {
			isa = XCSwiftPackageProductDependency;
			package = AA7247B7292A29B3007289C2 /* XCRemoteSwiftPackageReference "SwiftUI-Shimmer" */;
			productName = Shimmer;
		};
/* End XCSwiftPackageProductDependency section */
	};
	rootObject = 7555FF73242A565900829871 /* Project object */;
}
